
Microsoft Visual Studio Solution File, Format Version 12.00
# Visual Studio Version 17
VisualStudioVersion = 17.7.34031.279
MinimumVisualStudioVersion = 10.0.40219.1
Project("{9A19103F-16F7-4668-BE54-9A1E7A4F7556}") = "BookstoreMVC", "Bookstore MVC\BookstoreMVC.csproj", "{4FAB4D31-0889-4B6C-94C4-44D356C3C30E}"
EndProject
Global
	GlobalSection(SolutionConfigurationPlatforms) = preSolution
		Debug|Any CPU = Debug|Any CPU
		Release|Any CPU = Release|Any CPU
	EndGlobalSection
	GlobalSection(ProjectConfigurationPlatforms) = postSolution
		{4FAB4D31-0889-4B6C-94C4-44D356C3C30E}.Debug|Any CPU.ActiveCfg = Debug|Any CPU
		{4FAB4D31-0889-4B6C-94C4-44D356C3C30E}.Debug|Any CPU.Build.0 = Debug|Any CPU
		{4FAB4D31-0889-4B6C-94C4-44D356C3C30E}.Release|Any CPU.ActiveCfg = Release|Any CPU
		{4FAB4D31-0889-4B6C-94C4-44D356C3C30E}.Release|Any CPU.Build.0 = Release|Any CPU
	EndGlobalSection
	GlobalSection(SolutionProperties) = preSolution
		HideSolutionNode = FALSE
	EndGlobalSection
	GlobalSection(ExtensibilityGlobals) = postSolution
		SolutionGuid = {6A238593-58F1-43E9-AA03-B996386D0EE1}
	EndGlobalSection
EndGlobal
